
Microsoft Visual Studio Solution File, Format Version 11.00
# Visual Studio 2010
Project("{FAE04EC0-301F-11D3-BF4B-00C04F79EFBC}") = "Mvc", "CQRSTest\Mvc.csproj", "{D69CE7D1-A76A-4990-A485-361602B180A9}"
EndProject
Project("{FAE04EC0-301F-11D3-BF4B-00C04F79EFBC}") = "CustomerManagement.UnitTests", "CQRSTest.Tests\CustomerManagement.UnitTests.csproj", "{FFE94C6D-375F-4643-9A10-2AD0F844ECD9}"
EndProject
Project("{FAE04EC0-301F-11D3-BF4B-00C04F79EFBC}") = "CrossCutting", "CQRSTest.CrossCutting\CrossCutting.csproj", "{7E6B2DB9-CDEB-417C-950D-E547377DEFAC}"
EndProject
Project("{FAE04EC0-301F-11D3-BF4B-00C04F79EFBC}") = "CustomerManagement.Model", "CQRSTest.WriteModel\CustomerManagement.Model.csproj", "{D3997C55-7D41-4824-A2EC-7FB1600968AE}"
EndProject
Project("{FAE04EC0-301F-11D3-BF4B-00C04F79EFBC}") = "Model", "CQRSTest.UI.Model\Model.csproj", "{74F8730A-1A52-4D00-ACE9-8D230B51703B}"
EndProject
Project("{FAE04EC0-301F-11D3-BF4B-00C04F79EFBC}") = "IntegrationTests", "CQRSTest.IntegrationTests\IntegrationTests.csproj", "{F8E62F75-EE4F-47DE-983C-C22EF84550DC}"
EndProject
Project("{2150E333-8FDC-42A3-9474-1A3956D46DE8}") = "1 UI And Hosts", "1 UI And Hosts", "{0D3E23D1-4004-4654-9770-11A30E9CA331}"
EndProject
Project("{2150E333-8FDC-42A3-9474-1A3956D46DE8}") = "3 Domain", "3 Domain", "{5E430C51-AEAA-48FB-B0F9-70BBA553F92C}"
EndProject
Project("{2150E333-8FDC-42A3-9474-1A3956D46DE8}") = "4 Infrastructure", "4 Infrastructure", "{5F6259F7-139C-4DF2-85B1-A67D0D17F269}"
EndProject
Project("{2150E333-8FDC-42A3-9474-1A3956D46DE8}") = "5 CrossCutting", "5 CrossCutting", "{6049B52B-4ABE-45DF-A729-9587DC054ECB}"
EndProject
Project("{FAE04EC0-301F-11D3-BF4B-00C04F79EFBC}") = "CustomerManagement.Events", "CampaignManagement.Events\CustomerManagement.Events.csproj", "{AD8D9EAF-13D0-4473-B1A7-7EFA17043C50}"
EndProject
Project("{FAE04EC0-301F-11D3-BF4B-00C04F79EFBC}") = "WebUserInteraction.Events", "CampaignManagementWeb.Events\WebUserInteraction.Events.csproj", "{09F5BB9A-8AD3-49BD-A366-06CB93CC1355}"
EndProject
Project("{FAE04EC0-301F-11D3-BF4B-00C04F79EFBC}") = "ServiceBusEventHandler", "ServiceBus\ServiceBusEventHandler.csproj", "{91AA4FA2-A908-4340-8BB8-98DB569F563A}"
EndProject
Global
	GlobalSection(SolutionConfigurationPlatforms) = preSolution
		Debug|Any CPU = Debug|Any CPU
		Release|Any CPU = Release|Any CPU
	EndGlobalSection
	GlobalSection(ProjectConfigurationPlatforms) = postSolution
		{D69CE7D1-A76A-4990-A485-361602B180A9}.Debug|Any CPU.ActiveCfg = Debug|Any CPU
		{D69CE7D1-A76A-4990-A485-361602B180A9}.Debug|Any CPU.Build.0 = Debug|Any CPU
		{D69CE7D1-A76A-4990-A485-361602B180A9}.Release|Any CPU.ActiveCfg = Release|Any CPU
		{D69CE7D1-A76A-4990-A485-361602B180A9}.Release|Any CPU.Build.0 = Release|Any CPU
		{FFE94C6D-375F-4643-9A10-2AD0F844ECD9}.Debug|Any CPU.ActiveCfg = Debug|Any CPU
		{FFE94C6D-375F-4643-9A10-2AD0F844ECD9}.Debug|Any CPU.Build.0 = Debug|Any CPU
		{FFE94C6D-375F-4643-9A10-2AD0F844ECD9}.Release|Any CPU.ActiveCfg = Release|Any CPU
		{FFE94C6D-375F-4643-9A10-2AD0F844ECD9}.Release|Any CPU.Build.0 = Release|Any CPU
		{7E6B2DB9-CDEB-417C-950D-E547377DEFAC}.Debug|Any CPU.ActiveCfg = Debug|Any CPU
		{7E6B2DB9-CDEB-417C-950D-E547377DEFAC}.Debug|Any CPU.Build.0 = Debug|Any CPU
		{7E6B2DB9-CDEB-417C-950D-E547377DEFAC}.Release|Any CPU.ActiveCfg = Release|Any CPU
		{7E6B2DB9-CDEB-417C-950D-E547377DEFAC}.Release|Any CPU.Build.0 = Release|Any CPU
		{D3997C55-7D41-4824-A2EC-7FB1600968AE}.Debug|Any CPU.ActiveCfg = Debug|Any CPU
		{D3997C55-7D41-4824-A2EC-7FB1600968AE}.Debug|Any CPU.Build.0 = Debug|Any CPU
		{D3997C55-7D41-4824-A2EC-7FB1600968AE}.Release|Any CPU.ActiveCfg = Release|Any CPU
		{D3997C55-7D41-4824-A2EC-7FB1600968AE}.Release|Any CPU.Build.0 = Release|Any CPU
		{74F8730A-1A52-4D00-ACE9-8D230B51703B}.Debug|Any CPU.ActiveCfg = Debug|Any CPU
		{74F8730A-1A52-4D00-ACE9-8D230B51703B}.Debug|Any CPU.Build.0 = Debug|Any CPU
		{74F8730A-1A52-4D00-ACE9-8D230B51703B}.Release|Any CPU.ActiveCfg = Release|Any CPU
		{74F8730A-1A52-4D00-ACE9-8D230B51703B}.Release|Any CPU.Build.0 = Release|Any CPU
		{F8E62F75-EE4F-47DE-983C-C22EF84550DC}.Debug|Any CPU.ActiveCfg = Debug|Any CPU
		{F8E62F75-EE4F-47DE-983C-C22EF84550DC}.Debug|Any CPU.Build.0 = Debug|Any CPU
		{F8E62F75-EE4F-47DE-983C-C22EF84550DC}.Release|Any CPU.ActiveCfg = Release|Any CPU
		{F8E62F75-EE4F-47DE-983C-C22EF84550DC}.Release|Any CPU.Build.0 = Release|Any CPU
		{AD8D9EAF-13D0-4473-B1A7-7EFA17043C50}.Debug|Any CPU.ActiveCfg = Debug|Any CPU
		{AD8D9EAF-13D0-4473-B1A7-7EFA17043C50}.Debug|Any CPU.Build.0 = Debug|Any CPU
		{AD8D9EAF-13D0-4473-B1A7-7EFA17043C50}.Release|Any CPU.ActiveCfg = Release|Any CPU
		{AD8D9EAF-13D0-4473-B1A7-7EFA17043C50}.Release|Any CPU.Build.0 = Release|Any CPU
		{09F5BB9A-8AD3-49BD-A366-06CB93CC1355}.Debug|Any CPU.ActiveCfg = Debug|Any CPU
		{09F5BB9A-8AD3-49BD-A366-06CB93CC1355}.Debug|Any CPU.Build.0 = Debug|Any CPU
		{09F5BB9A-8AD3-49BD-A366-06CB93CC1355}.Release|Any CPU.ActiveCfg = Release|Any CPU
		{09F5BB9A-8AD3-49BD-A366-06CB93CC1355}.Release|Any CPU.Build.0 = Release|Any CPU
		{91AA4FA2-A908-4340-8BB8-98DB569F563A}.Debug|Any CPU.ActiveCfg = Debug|Any CPU
		{91AA4FA2-A908-4340-8BB8-98DB569F563A}.Debug|Any CPU.Build.0 = Debug|Any CPU
		{91AA4FA2-A908-4340-8BB8-98DB569F563A}.Release|Any CPU.ActiveCfg = Release|Any CPU
		{91AA4FA2-A908-4340-8BB8-98DB569F563A}.Release|Any CPU.Build.0 = Release|Any CPU
	EndGlobalSection
	GlobalSection(SolutionProperties) = preSolution
		HideSolutionNode = FALSE
	EndGlobalSection
	GlobalSection(NestedProjects) = preSolution
		{74F8730A-1A52-4D00-ACE9-8D230B51703B} = {0D3E23D1-4004-4654-9770-11A30E9CA331}
		{D69CE7D1-A76A-4990-A485-361602B180A9} = {0D3E23D1-4004-4654-9770-11A30E9CA331}
		{09F5BB9A-8AD3-49BD-A366-06CB93CC1355} = {0D3E23D1-4004-4654-9770-11A30E9CA331}
		{D3997C55-7D41-4824-A2EC-7FB1600968AE} = {5E430C51-AEAA-48FB-B0F9-70BBA553F92C}
		{FFE94C6D-375F-4643-9A10-2AD0F844ECD9} = {5E430C51-AEAA-48FB-B0F9-70BBA553F92C}
		{AD8D9EAF-13D0-4473-B1A7-7EFA17043C50} = {5E430C51-AEAA-48FB-B0F9-70BBA553F92C}
		{7E6B2DB9-CDEB-417C-950D-E547377DEFAC} = {6049B52B-4ABE-45DF-A729-9587DC054ECB}
		{91AA4FA2-A908-4340-8BB8-98DB569F563A} = {5F6259F7-139C-4DF2-85B1-A67D0D17F269}
	EndGlobalSection
EndGlobal
